
Microsoft Visual Studio Solution File, Format Version 12.00
Project("{FAE04EC0-301F-11D3-BF4B-00C04F79EFBC}") = "Music.Tracks.Service", "Sources\Services\Music.Tracks.Service\Music.Tracks.Service.csproj", "{B7359557-F96C-48EB-A498-0F5A0FC05984}"
EndProject
Project("{2150E333-8FDC-42A3-9474-1A3956D46DE8}") = "Services", "Services", "{60E5B364-07C1-4E29-94B3-2BA9977F18C0}"
EndProject
Project("{2150E333-8FDC-42A3-9474-1A3956D46DE8}") = "Applications", "Applications", "{AF581BF9-0E6E-482E-994C-081508ED626F}"
EndProject
Project("{FAE04EC0-301F-11D3-BF4B-00C04F79EFBC}") = "Music.Genres.Service", "Sources\Services\Music.Genres.Service\Music.Genres.Service.csproj", "{C24A6773-0D8F-4F7E-A7E2-4ADFDD363314}"
EndProject
Project("{FAE04EC0-301F-11D3-BF4B-00C04F79EFBC}") = "Music.Albums.Service", "Sources\Services\Music.Albums.Service\Music.Albums.Service.csproj", "{722B790A-E4D8-4756-83CB-1F0A5F91C81E}"
EndProject
Project("{FAE04EC0-301F-11D3-BF4B-00C04F79EFBC}") = "Music.Artists.Service", "Sources\Services\Music.Artists.Service\Music.Artists.Service.csproj", "{4215C0B5-CBE5-4B78-83EF-3307EA554E27}"
EndProject
Project("{FAE04EC0-301F-11D3-BF4B-00C04F79EFBC}") = "Music.Playlists.Service", "Sources\Services\Music.Playlists.Service\Music.Playlists.Service.csproj", "{5BF4862D-19A1-4F1B-A41F-BB73FA78605E}"
EndProject
Project("{FAE04EC0-301F-11D3-BF4B-00C04F79EFBC}") = "Music.Users.Service", "Sources\Services\Music.Users.Service\Music.Users.Service.csproj", "{F8F03309-DBCD-4D93-A860-507B6027085F}"
EndProject
Project("{FAE04EC0-301F-11D3-BF4B-00C04F79EFBC}") = "Music.Identity.Service", "Sources\Services\Music.Identity.Service\Music.Identity.Service.csproj", "{25C96B91-02DA-4AB5-B705-38475EAD77BD}"
EndProject
Project("{FAE04EC0-301F-11D3-BF4B-00C04F79EFBC}") = "Music.Gateway", "Sources\Music.Gateway\Music.Gateway.csproj", "{02B2F8AD-4927-416F-89B6-1137A06F60D1}"
EndProject
Project("{FAE04EC0-301F-11D3-BF4B-00C04F79EFBC}") = "Music.Image.Service", "Sources\Services\Music.Image.Service\Music.Image.Service.csproj", "{EB20450A-84D2-4D03-9C3E-575EF14F3B59}"
EndProject
Project("{FAE04EC0-301F-11D3-BF4B-00C04F79EFBC}") = "Music.Shared.Audio", "Sources\Libraries\Music.Shared.Audio\Music.Shared.Audio.csproj", "{FAF82144-4B61-4914-9DFD-AED11412E159}"
EndProject
Project("{FAE04EC0-301F-11D3-BF4B-00C04F79EFBC}") = "Music.Api.Client", "Sources\Libraries\Music.Api.Client\Music.Api.Client.csproj", "{DBBD23B6-BA12-4AE2-A3CB-558918EF8BFF}"
EndProject
Project("{2150E333-8FDC-42A3-9474-1A3956D46DE8}") = "Libraries", "Libraries", "{80F64890-4F7C-455D-B601-7C4953F76EF1}"
EndProject
Project("{2150E333-8FDC-42A3-9474-1A3956D46DE8}") = "Services", "Services", "{6628024D-57C9-4488-97C0-E304EEB6CBD9}"
EndProject
Project("{2150E333-8FDC-42A3-9474-1A3956D46DE8}") = "Shared", "Shared", "{FC4A7ED4-10FC-4F21-9962-AF322C5A96E8}"
EndProject
Project("{2150E333-8FDC-42A3-9474-1A3956D46DE8}") = "Database", "Database", "{D113B745-F0FA-417A-A823-1DEBF6E4A194}"
EndProject
Project("{2150E333-8FDC-42A3-9474-1A3956D46DE8}") = "Identity", "Identity", "{0826F905-8B21-4FF5-9956-E068FD196074}"
EndProject
Project("{2150E333-8FDC-42A3-9474-1A3956D46DE8}") = "MassTransit", "MassTransit", "{D7AF7200-5D67-48B7-AFA9-71C7DCB82209}"
EndProject
Project("{2150E333-8FDC-42A3-9474-1A3956D46DE8}") = "DTOs", "DTOs", "{2AE43A26-7DD6-4F1A-B302-5BD6A108ABE0}"
EndProject
Project("{2150E333-8FDC-42A3-9474-1A3956D46DE8}") = "Files", "Files", "{77DA1423-2AAA-4FE1-B2C2-D2F8B49E7EA2}"
EndProject
Project("{2150E333-8FDC-42A3-9474-1A3956D46DE8}") = "Identity", "Identity", "{014F8DA6-5547-4B2A-8EE1-C3089ED60EBE}"
EndProject
Project("{FAE04EC0-301F-11D3-BF4B-00C04F79EFBC}") = "Music.Shared.Common", "Sources\Libraries\Music.Shared.Common\Music.Shared.Common.csproj", "{A3E87524-2A36-4B39-BAF3-E046E55747C0}"
EndProject
Project("{FAE04EC0-301F-11D3-BF4B-00C04F79EFBC}") = "Music.Shared.Tools", "Sources\Libraries\Music.Shared.Tools\Music.Shared.Tools.csproj", "{1A6D4DC1-EFDB-4719-B51A-732464F491B6}"
EndProject
Project("{FAE04EC0-301F-11D3-BF4B-00C04F79EFBC}") = "Music.Shared.Services", "Sources\Libraries\Music.Shared.Services\Music.Shared.Services.csproj", "{DC9048DA-5064-402B-8B02-52E7440CD973}"
EndProject
Project("{FAE04EC0-301F-11D3-BF4B-00C04F79EFBC}") = "Music.Shared.DTOs.Common", "Sources\Libraries\Music.Shared.DTOs.Common\Music.Shared.DTOs.Common.csproj", "{13B8262F-2BAA-4F1A-821B-4E83BE196FE3}"
EndProject
Project("{FAE04EC0-301F-11D3-BF4B-00C04F79EFBC}") = "Music.Shared.DTOs", "Sources\Libraries\Music.Shared.DTOs\Music.Shared.DTOs.csproj", "{E8DE3C92-1EC9-4B07-BA32-1599E0C9948E}"
EndProject
Project("{FAE04EC0-301F-11D3-BF4B-00C04F79EFBC}") = "Music.Shared.Files.Common", "Sources\Libraries\Music.Shared.Files.Common\Music.Shared.Files.Common.csproj", "{D941FDC9-2461-4FB3-B77B-C3A5705922B6}"
EndProject
Project("{FAE04EC0-301F-11D3-BF4B-00C04F79EFBC}") = "Music.Shared.Files", "Sources\Libraries\Music.Shared.Files\Music.Shared.Files.csproj", "{651F0D00-ADBB-4F99-944E-42AEC223BB56}"
EndProject
Project("{FAE04EC0-301F-11D3-BF4B-00C04F79EFBC}") = "Music.Shared.Identity.Common", "Sources\Libraries\Music.Shared.Identity.Common\Music.Shared.Identity.Common.csproj", "{B04E8FB4-32BF-4F0A-A514-97B3CE5BE63B}"
EndProject
Project("{FAE04EC0-301F-11D3-BF4B-00C04F79EFBC}") = "Music.Shared.Identity.Jwt", "Sources\Libraries\Music.Shared.Identity.Jwt\Music.Shared.Identity.Jwt.csproj", "{6DF2370C-FDF5-4705-88B0-27EC46FDD350}"
EndProject
Project("{FAE04EC0-301F-11D3-BF4B-00C04F79EFBC}") = "Music.Services.Database.Common", "Sources\Libraries\Music.Services.Database.Common\Music.Services.Database.Common.csproj", "{82D5E303-EA89-446B-B7D1-30F64A306FDD}"
EndProject
Project("{FAE04EC0-301F-11D3-BF4B-00C04F79EFBC}") = "Music.Services.Database.MongoDb", "Sources\Libraries\Music.Services.Database.MongoDb\Music.Services.Database.MongoDb.csproj", "{8E6B55E2-938E-4B27-84E8-50891A24E7E6}"
EndProject
Project("{FAE04EC0-301F-11D3-BF4B-00C04F79EFBC}") = "Music.Services.Files", "Sources\Libraries\Music.Services.Files\Music.Services.Files.csproj", "{B718B8F3-AFEF-442A-943A-843774882D21}"
EndProject
Project("{FAE04EC0-301F-11D3-BF4B-00C04F79EFBC}") = "Music.Services.Identity.Common", "Sources\Libraries\Music.Services.Identity.Common\Music.Services.Identity.Common.csproj", "{3F888F78-5BE4-4A7F-A918-C4A6B33D0463}"
EndProject
Project("{FAE04EC0-301F-11D3-BF4B-00C04F79EFBC}") = "Music.Services.Identity.Jwt", "Sources\Libraries\Music.Services.Identity.Jwt\Music.Services.Identity.Jwt.csproj", "{D37F2126-2BC4-4543-B2EB-70E317B362C7}"
EndProject
Project("{FAE04EC0-301F-11D3-BF4B-00C04F79EFBC}") = "Music.Services.MassTransit.Contracts", "Sources\Libraries\Music.Services.MassTransit.Contracts\Music.Services.MassTransit.Contracts.csproj", "{0377B08B-52DC-4147-AD70-0E25A36A20AF}"
EndProject
Project("{FAE04EC0-301F-11D3-BF4B-00C04F79EFBC}") = "Music.Services.MassTransit.RabbitMq", "Sources\Libraries\Music.Services.MassTransit.RabbitMq\Music.Services.MassTransit.RabbitMq.csproj", "{950224B4-C061-4E82-9932-9BCEB462EE99}"
EndProject
Project("{FAE04EC0-301F-11D3-BF4B-00C04F79EFBC}") = "Music.Services.Common", "Sources\Libraries\Music.Services.Common\Music.Services.Common.csproj", "{64F7B258-37C3-44AD-91A8-488D4BE07761}"
EndProject
Project("{FAE04EC0-301F-11D3-BF4B-00C04F79EFBC}") = "Music.Services.Exceptions", "Sources\Libraries\Music.Services.Exceptions\Music.Services.Exceptions.csproj", "{D0D5E343-EDBF-4DFC-BF47-065ACBD084D6}"
EndProject
Project("{FAE04EC0-301F-11D3-BF4B-00C04F79EFBC}") = "Music.Services.DTOs.Extensions", "Sources\Libraries\Music.Services.DTOs.Extensions\Music.Services.DTOs.Extensions.csproj", "{8F5EF982-FFED-4336-B7B2-1E982802B1B7}"
EndProject
Project("{FAE04EC0-301F-11D3-BF4B-00C04F79EFBC}") = "Music.Services.Models", "Sources\Libraries\Music.Services.Models\Music.Services.Models.csproj", "{BF331F55-69C2-45C6-817F-3E0DAC03FED4}"
EndProject
Project("{2150E333-8FDC-42A3-9474-1A3956D46DE8}") = "MongoDb", "MongoDb", "{729F4D26-0B55-4602-894F-731CCDD20B9C}"
EndProject
Project("{FAE04EC0-301F-11D3-BF4B-00C04F79EFBC}") = "Music.Services.Database.MongoDb.Extensions", "Sources\Libraries\Music.Services.Database.MongoDb.Extensions\Music.Services.Database.MongoDb.Extensions.csproj", "{EF3D9712-FBE3-413B-B54C-2A244FCC05DC}"
EndProject
Project("{FAE04EC0-301F-11D3-BF4B-00C04F79EFBC}") = "Music.Services.Identity.Exceptions", "Sources\Libraries\Music.Services.Identity.Exceptions\Music.Services.Identity.Exceptions.csproj", "{834F13A0-DFA2-477A-8777-ADF4C657F339}"
EndProject
Project("{FAE04EC0-301F-11D3-BF4B-00C04F79EFBC}") = "Music.Shared.DTOs.Requests", "Sources\Libraries\Music.Shared.DTOs.Requests\Music.Shared.DTOs.Requests.csproj", "{D339DC46-9736-42ED-A830-ECC58CF3A9DD}"
EndProject
Project("{2150E333-8FDC-42A3-9474-1A3956D46DE8}") = "Other", "Other", "{8AF9410E-426A-48BB-A718-D64EDF73AA91}"
EndProject
Project("{FAE04EC0-301F-11D3-BF4B-00C04F79EFBC}") = "Music.Services.Identity.Jwt.Controllers", "Sources\Libraries\Music.Services.Identity.Jwt.Controllers\Music.Services.Identity.Jwt.Controllers.csproj", "{7035BF45-99F6-47A1-94F7-E8D38A8389D3}"
EndProject
Project("{2150E333-8FDC-42A3-9474-1A3956D46DE8}") = "Files", "Files", "{B45A9E48-BA33-4272-9585-44409D4FF27A}"
EndProject
Project("{2150E333-8FDC-42A3-9474-1A3956D46DE8}") = "Models", "Models", "{BB9CEDB9-1FF7-4F64-B13E-7C6465D6F378}"
EndProject
Project("{FAE04EC0-301F-11D3-BF4B-00C04F79EFBC}") = "Music.Services.MassTransit.RabbitMq.MongoDb.Consumers", "Sources\Libraries\Music.Services.MassTransit.RabbitMq.MongoDb.Consumers\Music.Services.MassTransit.RabbitMq.MongoDb.Consumers.csproj", "{D95392AD-A56D-4F13-A2A1-FE38F05F4253}"
EndProject
Project("{FAE04EC0-301F-11D3-BF4B-00C04F79EFBC}") = "Music.Applications.Windows", "Sources\Applications\Music.Applications.Windows\Music.Applications.Windows.csproj", "{BFB24EE6-DDF6-4796-A2DE-10C729AC2BCD}"
EndProject
Global
	GlobalSection(SolutionConfigurationPlatforms) = preSolution
		Debug|Any CPU = Debug|Any CPU
		Release|Any CPU = Release|Any CPU
	EndGlobalSection
	GlobalSection(NestedProjects) = preSolution
		{F8F03309-DBCD-4D93-A860-507B6027085F} = {60E5B364-07C1-4E29-94B3-2BA9977F18C0}
		{722B790A-E4D8-4756-83CB-1F0A5F91C81E} = {60E5B364-07C1-4E29-94B3-2BA9977F18C0}
		{4215C0B5-CBE5-4B78-83EF-3307EA554E27} = {60E5B364-07C1-4E29-94B3-2BA9977F18C0}
		{C24A6773-0D8F-4F7E-A7E2-4ADFDD363314} = {60E5B364-07C1-4E29-94B3-2BA9977F18C0}
		{25C96B91-02DA-4AB5-B705-38475EAD77BD} = {60E5B364-07C1-4E29-94B3-2BA9977F18C0}
		{B7359557-F96C-48EB-A498-0F5A0FC05984} = {60E5B364-07C1-4E29-94B3-2BA9977F18C0}
		{5BF4862D-19A1-4F1B-A41F-BB73FA78605E} = {60E5B364-07C1-4E29-94B3-2BA9977F18C0}
		{EB20450A-84D2-4D03-9C3E-575EF14F3B59} = {60E5B364-07C1-4E29-94B3-2BA9977F18C0}
		{6628024D-57C9-4488-97C0-E304EEB6CBD9} = {80F64890-4F7C-455D-B601-7C4953F76EF1}
		{FC4A7ED4-10FC-4F21-9962-AF322C5A96E8} = {80F64890-4F7C-455D-B601-7C4953F76EF1}
		{D113B745-F0FA-417A-A823-1DEBF6E4A194} = {6628024D-57C9-4488-97C0-E304EEB6CBD9}
		{0826F905-8B21-4FF5-9956-E068FD196074} = {6628024D-57C9-4488-97C0-E304EEB6CBD9}
		{D7AF7200-5D67-48B7-AFA9-71C7DCB82209} = {6628024D-57C9-4488-97C0-E304EEB6CBD9}
		{2AE43A26-7DD6-4F1A-B302-5BD6A108ABE0} = {FC4A7ED4-10FC-4F21-9962-AF322C5A96E8}
		{77DA1423-2AAA-4FE1-B2C2-D2F8B49E7EA2} = {FC4A7ED4-10FC-4F21-9962-AF322C5A96E8}
		{014F8DA6-5547-4B2A-8EE1-C3089ED60EBE} = {FC4A7ED4-10FC-4F21-9962-AF322C5A96E8}
		{FAF82144-4B61-4914-9DFD-AED11412E159} = {FC4A7ED4-10FC-4F21-9962-AF322C5A96E8}
		{A3E87524-2A36-4B39-BAF3-E046E55747C0} = {FC4A7ED4-10FC-4F21-9962-AF322C5A96E8}
		{1A6D4DC1-EFDB-4719-B51A-732464F491B6} = {FC4A7ED4-10FC-4F21-9962-AF322C5A96E8}
		{DC9048DA-5064-402B-8B02-52E7440CD973} = {FC4A7ED4-10FC-4F21-9962-AF322C5A96E8}
		{13B8262F-2BAA-4F1A-821B-4E83BE196FE3} = {2AE43A26-7DD6-4F1A-B302-5BD6A108ABE0}
		{E8DE3C92-1EC9-4B07-BA32-1599E0C9948E} = {2AE43A26-7DD6-4F1A-B302-5BD6A108ABE0}
		{D941FDC9-2461-4FB3-B77B-C3A5705922B6} = {77DA1423-2AAA-4FE1-B2C2-D2F8B49E7EA2}
		{651F0D00-ADBB-4F99-944E-42AEC223BB56} = {77DA1423-2AAA-4FE1-B2C2-D2F8B49E7EA2}
		{B04E8FB4-32BF-4F0A-A514-97B3CE5BE63B} = {014F8DA6-5547-4B2A-8EE1-C3089ED60EBE}
		{6DF2370C-FDF5-4705-88B0-27EC46FDD350} = {014F8DA6-5547-4B2A-8EE1-C3089ED60EBE}
		{82D5E303-EA89-446B-B7D1-30F64A306FDD} = {D113B745-F0FA-417A-A823-1DEBF6E4A194}
		{3F888F78-5BE4-4A7F-A918-C4A6B33D0463} = {0826F905-8B21-4FF5-9956-E068FD196074}
		{D37F2126-2BC4-4543-B2EB-70E317B362C7} = {0826F905-8B21-4FF5-9956-E068FD196074}
		{0377B08B-52DC-4147-AD70-0E25A36A20AF} = {D7AF7200-5D67-48B7-AFA9-71C7DCB82209}
		{950224B4-C061-4E82-9932-9BCEB462EE99} = {D7AF7200-5D67-48B7-AFA9-71C7DCB82209}
		{64F7B258-37C3-44AD-91A8-488D4BE07761} = {6628024D-57C9-4488-97C0-E304EEB6CBD9}
		{729F4D26-0B55-4602-894F-731CCDD20B9C} = {D113B745-F0FA-417A-A823-1DEBF6E4A194}
		{8E6B55E2-938E-4B27-84E8-50891A24E7E6} = {729F4D26-0B55-4602-894F-731CCDD20B9C}
		{EF3D9712-FBE3-413B-B54C-2A244FCC05DC} = {729F4D26-0B55-4602-894F-731CCDD20B9C}
		{834F13A0-DFA2-477A-8777-ADF4C657F339} = {0826F905-8B21-4FF5-9956-E068FD196074}
		{D339DC46-9736-42ED-A830-ECC58CF3A9DD} = {2AE43A26-7DD6-4F1A-B302-5BD6A108ABE0}
		{8AF9410E-426A-48BB-A718-D64EDF73AA91} = {6628024D-57C9-4488-97C0-E304EEB6CBD9}
		{D0D5E343-EDBF-4DFC-BF47-065ACBD084D6} = {8AF9410E-426A-48BB-A718-D64EDF73AA91}
		{7035BF45-99F6-47A1-94F7-E8D38A8389D3} = {0826F905-8B21-4FF5-9956-E068FD196074}
		{B45A9E48-BA33-4272-9585-44409D4FF27A} = {6628024D-57C9-4488-97C0-E304EEB6CBD9}
		{B718B8F3-AFEF-442A-943A-843774882D21} = {B45A9E48-BA33-4272-9585-44409D4FF27A}
		{BB9CEDB9-1FF7-4F64-B13E-7C6465D6F378} = {6628024D-57C9-4488-97C0-E304EEB6CBD9}
		{BF331F55-69C2-45C6-817F-3E0DAC03FED4} = {BB9CEDB9-1FF7-4F64-B13E-7C6465D6F378}
		{8F5EF982-FFED-4336-B7B2-1E982802B1B7} = {BB9CEDB9-1FF7-4F64-B13E-7C6465D6F378}
		{D95392AD-A56D-4F13-A2A1-FE38F05F4253} = {D7AF7200-5D67-48B7-AFA9-71C7DCB82209}
		{BFB24EE6-DDF6-4796-A2DE-10C729AC2BCD} = {AF581BF9-0E6E-482E-994C-081508ED626F}
		{DBBD23B6-BA12-4AE2-A3CB-558918EF8BFF} = {80F64890-4F7C-455D-B601-7C4953F76EF1}
	EndGlobalSection
	GlobalSection(ProjectConfigurationPlatforms) = postSolution
		{B7359557-F96C-48EB-A498-0F5A0FC05984}.Debug|Any CPU.ActiveCfg = Debug|Any CPU
		{B7359557-F96C-48EB-A498-0F5A0FC05984}.Debug|Any CPU.Build.0 = Debug|Any CPU
		{B7359557-F96C-48EB-A498-0F5A0FC05984}.Release|Any CPU.ActiveCfg = Release|Any CPU
		{B7359557-F96C-48EB-A498-0F5A0FC05984}.Release|Any CPU.Build.0 = Release|Any CPU
		{C24A6773-0D8F-4F7E-A7E2-4ADFDD363314}.Debug|Any CPU.ActiveCfg = Debug|Any CPU
		{C24A6773-0D8F-4F7E-A7E2-4ADFDD363314}.Debug|Any CPU.Build.0 = Debug|Any CPU
		{C24A6773-0D8F-4F7E-A7E2-4ADFDD363314}.Release|Any CPU.ActiveCfg = Release|Any CPU
		{C24A6773-0D8F-4F7E-A7E2-4ADFDD363314}.Release|Any CPU.Build.0 = Release|Any CPU
		{722B790A-E4D8-4756-83CB-1F0A5F91C81E}.Debug|Any CPU.ActiveCfg = Debug|Any CPU
		{722B790A-E4D8-4756-83CB-1F0A5F91C81E}.Debug|Any CPU.Build.0 = Debug|Any CPU
		{722B790A-E4D8-4756-83CB-1F0A5F91C81E}.Release|Any CPU.ActiveCfg = Release|Any CPU
		{722B790A-E4D8-4756-83CB-1F0A5F91C81E}.Release|Any CPU.Build.0 = Release|Any CPU
		{4215C0B5-CBE5-4B78-83EF-3307EA554E27}.Debug|Any CPU.ActiveCfg = Debug|Any CPU
		{4215C0B5-CBE5-4B78-83EF-3307EA554E27}.Debug|Any CPU.Build.0 = Debug|Any CPU
		{4215C0B5-CBE5-4B78-83EF-3307EA554E27}.Release|Any CPU.ActiveCfg = Release|Any CPU
		{4215C0B5-CBE5-4B78-83EF-3307EA554E27}.Release|Any CPU.Build.0 = Release|Any CPU
		{5BF4862D-19A1-4F1B-A41F-BB73FA78605E}.Debug|Any CPU.ActiveCfg = Debug|Any CPU
		{5BF4862D-19A1-4F1B-A41F-BB73FA78605E}.Debug|Any CPU.Build.0 = Debug|Any CPU
		{5BF4862D-19A1-4F1B-A41F-BB73FA78605E}.Release|Any CPU.ActiveCfg = Release|Any CPU
		{5BF4862D-19A1-4F1B-A41F-BB73FA78605E}.Release|Any CPU.Build.0 = Release|Any CPU
		{F8F03309-DBCD-4D93-A860-507B6027085F}.Debug|Any CPU.ActiveCfg = Debug|Any CPU
		{F8F03309-DBCD-4D93-A860-507B6027085F}.Debug|Any CPU.Build.0 = Debug|Any CPU
		{F8F03309-DBCD-4D93-A860-507B6027085F}.Release|Any CPU.ActiveCfg = Release|Any CPU
		{F8F03309-DBCD-4D93-A860-507B6027085F}.Release|Any CPU.Build.0 = Release|Any CPU
		{25C96B91-02DA-4AB5-B705-38475EAD77BD}.Debug|Any CPU.ActiveCfg = Debug|Any CPU
		{25C96B91-02DA-4AB5-B705-38475EAD77BD}.Debug|Any CPU.Build.0 = Debug|Any CPU
		{25C96B91-02DA-4AB5-B705-38475EAD77BD}.Release|Any CPU.ActiveCfg = Release|Any CPU
		{25C96B91-02DA-4AB5-B705-38475EAD77BD}.Release|Any CPU.Build.0 = Release|Any CPU
		{02B2F8AD-4927-416F-89B6-1137A06F60D1}.Debug|Any CPU.ActiveCfg = Debug|Any CPU
		{02B2F8AD-4927-416F-89B6-1137A06F60D1}.Debug|Any CPU.Build.0 = Debug|Any CPU
		{02B2F8AD-4927-416F-89B6-1137A06F60D1}.Release|Any CPU.ActiveCfg = Release|Any CPU
		{02B2F8AD-4927-416F-89B6-1137A06F60D1}.Release|Any CPU.Build.0 = Release|Any CPU
		{EB20450A-84D2-4D03-9C3E-575EF14F3B59}.Debug|Any CPU.ActiveCfg = Debug|Any CPU
		{EB20450A-84D2-4D03-9C3E-575EF14F3B59}.Debug|Any CPU.Build.0 = Debug|Any CPU
		{EB20450A-84D2-4D03-9C3E-575EF14F3B59}.Release|Any CPU.ActiveCfg = Release|Any CPU
		{EB20450A-84D2-4D03-9C3E-575EF14F3B59}.Release|Any CPU.Build.0 = Release|Any CPU
		{FAF82144-4B61-4914-9DFD-AED11412E159}.Debug|Any CPU.ActiveCfg = Debug|Any CPU
		{FAF82144-4B61-4914-9DFD-AED11412E159}.Debug|Any CPU.Build.0 = Debug|Any CPU
		{FAF82144-4B61-4914-9DFD-AED11412E159}.Release|Any CPU.ActiveCfg = Release|Any CPU
		{FAF82144-4B61-4914-9DFD-AED11412E159}.Release|Any CPU.Build.0 = Release|Any CPU
		{DBBD23B6-BA12-4AE2-A3CB-558918EF8BFF}.Debug|Any CPU.ActiveCfg = Debug|Any CPU
		{DBBD23B6-BA12-4AE2-A3CB-558918EF8BFF}.Debug|Any CPU.Build.0 = Debug|Any CPU
		{DBBD23B6-BA12-4AE2-A3CB-558918EF8BFF}.Release|Any CPU.ActiveCfg = Release|Any CPU
		{DBBD23B6-BA12-4AE2-A3CB-558918EF8BFF}.Release|Any CPU.Build.0 = Release|Any CPU
		{A3E87524-2A36-4B39-BAF3-E046E55747C0}.Debug|Any CPU.ActiveCfg = Debug|Any CPU
		{A3E87524-2A36-4B39-BAF3-E046E55747C0}.Debug|Any CPU.Build.0 = Debug|Any CPU
		{A3E87524-2A36-4B39-BAF3-E046E55747C0}.Release|Any CPU.ActiveCfg = Release|Any CPU
		{A3E87524-2A36-4B39-BAF3-E046E55747C0}.Release|Any CPU.Build.0 = Release|Any CPU
		{1A6D4DC1-EFDB-4719-B51A-732464F491B6}.Debug|Any CPU.ActiveCfg = Debug|Any CPU
		{1A6D4DC1-EFDB-4719-B51A-732464F491B6}.Debug|Any CPU.Build.0 = Debug|Any CPU
		{1A6D4DC1-EFDB-4719-B51A-732464F491B6}.Release|Any CPU.ActiveCfg = Release|Any CPU
		{1A6D4DC1-EFDB-4719-B51A-732464F491B6}.Release|Any CPU.Build.0 = Release|Any CPU
		{DC9048DA-5064-402B-8B02-52E7440CD973}.Debug|Any CPU.ActiveCfg = Debug|Any CPU
		{DC9048DA-5064-402B-8B02-52E7440CD973}.Debug|Any CPU.Build.0 = Debug|Any CPU
		{DC9048DA-5064-402B-8B02-52E7440CD973}.Release|Any CPU.ActiveCfg = Release|Any CPU
		{DC9048DA-5064-402B-8B02-52E7440CD973}.Release|Any CPU.Build.0 = Release|Any CPU
		{13B8262F-2BAA-4F1A-821B-4E83BE196FE3}.Debug|Any CPU.ActiveCfg = Debug|Any CPU
		{13B8262F-2BAA-4F1A-821B-4E83BE196FE3}.Debug|Any CPU.Build.0 = Debug|Any CPU
		{13B8262F-2BAA-4F1A-821B-4E83BE196FE3}.Release|Any CPU.ActiveCfg = Release|Any CPU
		{13B8262F-2BAA-4F1A-821B-4E83BE196FE3}.Release|Any CPU.Build.0 = Release|Any CPU
		{E8DE3C92-1EC9-4B07-BA32-1599E0C9948E}.Debug|Any CPU.ActiveCfg = Debug|Any CPU
		{E8DE3C92-1EC9-4B07-BA32-1599E0C9948E}.Debug|Any CPU.Build.0 = Debug|Any CPU
		{E8DE3C92-1EC9-4B07-BA32-1599E0C9948E}.Release|Any CPU.ActiveCfg = Release|Any CPU
		{E8DE3C92-1EC9-4B07-BA32-1599E0C9948E}.Release|Any CPU.Build.0 = Release|Any CPU
		{D941FDC9-2461-4FB3-B77B-C3A5705922B6}.Debug|Any CPU.ActiveCfg = Debug|Any CPU
		{D941FDC9-2461-4FB3-B77B-C3A5705922B6}.Debug|Any CPU.Build.0 = Debug|Any CPU
		{D941FDC9-2461-4FB3-B77B-C3A5705922B6}.Release|Any CPU.ActiveCfg = Release|Any CPU
		{D941FDC9-2461-4FB3-B77B-C3A5705922B6}.Release|Any CPU.Build.0 = Release|Any CPU
		{651F0D00-ADBB-4F99-944E-42AEC223BB56}.Debug|Any CPU.ActiveCfg = Debug|Any CPU
		{651F0D00-ADBB-4F99-944E-42AEC223BB56}.Debug|Any CPU.Build.0 = Debug|Any CPU
		{651F0D00-ADBB-4F99-944E-42AEC223BB56}.Release|Any CPU.ActiveCfg = Release|Any CPU
		{651F0D00-ADBB-4F99-944E-42AEC223BB56}.Release|Any CPU.Build.0 = Release|Any CPU
		{B04E8FB4-32BF-4F0A-A514-97B3CE5BE63B}.Debug|Any CPU.ActiveCfg = Debug|Any CPU
		{B04E8FB4-32BF-4F0A-A514-97B3CE5BE63B}.Debug|Any CPU.Build.0 = Debug|Any CPU
		{B04E8FB4-32BF-4F0A-A514-97B3CE5BE63B}.Release|Any CPU.ActiveCfg = Release|Any CPU
		{B04E8FB4-32BF-4F0A-A514-97B3CE5BE63B}.Release|Any CPU.Build.0 = Release|Any CPU
		{6DF2370C-FDF5-4705-88B0-27EC46FDD350}.Debug|Any CPU.ActiveCfg = Debug|Any CPU
		{6DF2370C-FDF5-4705-88B0-27EC46FDD350}.Debug|Any CPU.Build.0 = Debug|Any CPU
		{6DF2370C-FDF5-4705-88B0-27EC46FDD350}.Release|Any CPU.ActiveCfg = Release|Any CPU
		{6DF2370C-FDF5-4705-88B0-27EC46FDD350}.Release|Any CPU.Build.0 = Release|Any CPU
		{82D5E303-EA89-446B-B7D1-30F64A306FDD}.Debug|Any CPU.ActiveCfg = Debug|Any CPU
		{82D5E303-EA89-446B-B7D1-30F64A306FDD}.Debug|Any CPU.Build.0 = Debug|Any CPU
		{82D5E303-EA89-446B-B7D1-30F64A306FDD}.Release|Any CPU.ActiveCfg = Release|Any CPU
		{82D5E303-EA89-446B-B7D1-30F64A306FDD}.Release|Any CPU.Build.0 = Release|Any CPU
		{8E6B55E2-938E-4B27-84E8-50891A24E7E6}.Debug|Any CPU.ActiveCfg = Debug|Any CPU
		{8E6B55E2-938E-4B27-84E8-50891A24E7E6}.Debug|Any CPU.Build.0 = Debug|Any CPU
		{8E6B55E2-938E-4B27-84E8-50891A24E7E6}.Release|Any CPU.ActiveCfg = Release|Any CPU
		{8E6B55E2-938E-4B27-84E8-50891A24E7E6}.Release|Any CPU.Build.0 = Release|Any CPU
		{B718B8F3-AFEF-442A-943A-843774882D21}.Debug|Any CPU.ActiveCfg = Debug|Any CPU
		{B718B8F3-AFEF-442A-943A-843774882D21}.Debug|Any CPU.Build.0 = Debug|Any CPU
		{B718B8F3-AFEF-442A-943A-843774882D21}.Release|Any CPU.ActiveCfg = Release|Any CPU
		{B718B8F3-AFEF-442A-943A-843774882D21}.Release|Any CPU.Build.0 = Release|Any CPU
		{3F888F78-5BE4-4A7F-A918-C4A6B33D0463}.Debug|Any CPU.ActiveCfg = Debug|Any CPU
		{3F888F78-5BE4-4A7F-A918-C4A6B33D0463}.Debug|Any CPU.Build.0 = Debug|Any CPU
		{3F888F78-5BE4-4A7F-A918-C4A6B33D0463}.Release|Any CPU.ActiveCfg = Release|Any CPU
		{3F888F78-5BE4-4A7F-A918-C4A6B33D0463}.Release|Any CPU.Build.0 = Release|Any CPU
		{D37F2126-2BC4-4543-B2EB-70E317B362C7}.Debug|Any CPU.ActiveCfg = Debug|Any CPU
		{D37F2126-2BC4-4543-B2EB-70E317B362C7}.Debug|Any CPU.Build.0 = Debug|Any CPU
		{D37F2126-2BC4-4543-B2EB-70E317B362C7}.Release|Any CPU.ActiveCfg = Release|Any CPU
		{D37F2126-2BC4-4543-B2EB-70E317B362C7}.Release|Any CPU.Build.0 = Release|Any CPU
		{0377B08B-52DC-4147-AD70-0E25A36A20AF}.Debug|Any CPU.ActiveCfg = Debug|Any CPU
		{0377B08B-52DC-4147-AD70-0E25A36A20AF}.Debug|Any CPU.Build.0 = Debug|Any CPU
		{0377B08B-52DC-4147-AD70-0E25A36A20AF}.Release|Any CPU.ActiveCfg = Release|Any CPU
		{0377B08B-52DC-4147-AD70-0E25A36A20AF}.Release|Any CPU.Build.0 = Release|Any CPU
		{950224B4-C061-4E82-9932-9BCEB462EE99}.Debug|Any CPU.ActiveCfg = Debug|Any CPU
		{950224B4-C061-4E82-9932-9BCEB462EE99}.Debug|Any CPU.Build.0 = Debug|Any CPU
		{950224B4-C061-4E82-9932-9BCEB462EE99}.Release|Any CPU.ActiveCfg = Release|Any CPU
		{950224B4-C061-4E82-9932-9BCEB462EE99}.Release|Any CPU.Build.0 = Release|Any CPU
		{64F7B258-37C3-44AD-91A8-488D4BE07761}.Debug|Any CPU.ActiveCfg = Debug|Any CPU
		{64F7B258-37C3-44AD-91A8-488D4BE07761}.Debug|Any CPU.Build.0 = Debug|Any CPU
		{64F7B258-37C3-44AD-91A8-488D4BE07761}.Release|Any CPU.ActiveCfg = Release|Any CPU
		{64F7B258-37C3-44AD-91A8-488D4BE07761}.Release|Any CPU.Build.0 = Release|Any CPU
		{D0D5E343-EDBF-4DFC-BF47-065ACBD084D6}.Debug|Any CPU.ActiveCfg = Debug|Any CPU
		{D0D5E343-EDBF-4DFC-BF47-065ACBD084D6}.Debug|Any CPU.Build.0 = Debug|Any CPU
		{D0D5E343-EDBF-4DFC-BF47-065ACBD084D6}.Release|Any CPU.ActiveCfg = Release|Any CPU
		{D0D5E343-EDBF-4DFC-BF47-065ACBD084D6}.Release|Any CPU.Build.0 = Release|Any CPU
		{8F5EF982-FFED-4336-B7B2-1E982802B1B7}.Debug|Any CPU.ActiveCfg = Debug|Any CPU
		{8F5EF982-FFED-4336-B7B2-1E982802B1B7}.Debug|Any CPU.Build.0 = Debug|Any CPU
		{8F5EF982-FFED-4336-B7B2-1E982802B1B7}.Release|Any CPU.ActiveCfg = Release|Any CPU
		{8F5EF982-FFED-4336-B7B2-1E982802B1B7}.Release|Any CPU.Build.0 = Release|Any CPU
		{BF331F55-69C2-45C6-817F-3E0DAC03FED4}.Debug|Any CPU.ActiveCfg = Debug|Any CPU
		{BF331F55-69C2-45C6-817F-3E0DAC03FED4}.Debug|Any CPU.Build.0 = Debug|Any CPU
		{BF331F55-69C2-45C6-817F-3E0DAC03FED4}.Release|Any CPU.ActiveCfg = Release|Any CPU
		{BF331F55-69C2-45C6-817F-3E0DAC03FED4}.Release|Any CPU.Build.0 = Release|Any CPU
		{EF3D9712-FBE3-413B-B54C-2A244FCC05DC}.Debug|Any CPU.ActiveCfg = Debug|Any CPU
		{EF3D9712-FBE3-413B-B54C-2A244FCC05DC}.Debug|Any CPU.Build.0 = Debug|Any CPU
		{EF3D9712-FBE3-413B-B54C-2A244FCC05DC}.Release|Any CPU.ActiveCfg = Release|Any CPU
		{EF3D9712-FBE3-413B-B54C-2A244FCC05DC}.Release|Any CPU.Build.0 = Release|Any CPU
		{834F13A0-DFA2-477A-8777-ADF4C657F339}.Debug|Any CPU.ActiveCfg = Debug|Any CPU
		{834F13A0-DFA2-477A-8777-ADF4C657F339}.Debug|Any CPU.Build.0 = Debug|Any CPU
		{834F13A0-DFA2-477A-8777-ADF4C657F339}.Release|Any CPU.ActiveCfg = Release|Any CPU
		{834F13A0-DFA2-477A-8777-ADF4C657F339}.Release|Any CPU.Build.0 = Release|Any CPU
		{D339DC46-9736-42ED-A830-ECC58CF3A9DD}.Debug|Any CPU.ActiveCfg = Debug|Any CPU
		{D339DC46-9736-42ED-A830-ECC58CF3A9DD}.Debug|Any CPU.Build.0 = Debug|Any CPU
		{D339DC46-9736-42ED-A830-ECC58CF3A9DD}.Release|Any CPU.ActiveCfg = Release|Any CPU
		{D339DC46-9736-42ED-A830-ECC58CF3A9DD}.Release|Any CPU.Build.0 = Release|Any CPU
		{7035BF45-99F6-47A1-94F7-E8D38A8389D3}.Debug|Any CPU.ActiveCfg = Debug|Any CPU
		{7035BF45-99F6-47A1-94F7-E8D38A8389D3}.Debug|Any CPU.Build.0 = Debug|Any CPU
		{7035BF45-99F6-47A1-94F7-E8D38A8389D3}.Release|Any CPU.ActiveCfg = Release|Any CPU
		{7035BF45-99F6-47A1-94F7-E8D38A8389D3}.Release|Any CPU.Build.0 = Release|Any CPU
		{D95392AD-A56D-4F13-A2A1-FE38F05F4253}.Debug|Any CPU.ActiveCfg = Debug|Any CPU
		{D95392AD-A56D-4F13-A2A1-FE38F05F4253}.Debug|Any CPU.Build.0 = Debug|Any CPU
		{D95392AD-A56D-4F13-A2A1-FE38F05F4253}.Release|Any CPU.ActiveCfg = Release|Any CPU
		{D95392AD-A56D-4F13-A2A1-FE38F05F4253}.Release|Any CPU.Build.0 = Release|Any CPU
		{BFB24EE6-DDF6-4796-A2DE-10C729AC2BCD}.Debug|Any CPU.ActiveCfg = Debug|Any CPU
		{BFB24EE6-DDF6-4796-A2DE-10C729AC2BCD}.Debug|Any CPU.Build.0 = Debug|Any CPU
		{BFB24EE6-DDF6-4796-A2DE-10C729AC2BCD}.Release|Any CPU.ActiveCfg = Release|Any CPU
		{BFB24EE6-DDF6-4796-A2DE-10C729AC2BCD}.Release|Any CPU.Build.0 = Release|Any CPU
	EndGlobalSection
EndGlobal
